Microsoft Visual Studio Solution File, Format Version 12.00
# Visual Studio Version 17
VisualStudioVersion = 17.5.33424.131
MinimumVisualStudioVersion = 10.0.40219.1
Project("{8BC9CEB8-8B4A-11D0-8D11-00A0C91BC942}") = "0310-1", "0310-1\0310-1.vcxproj", "{CD98760E-5813-4ADC-951B-A70BBDE510CB}"
EndProject
Project("{8BC9CEB8-8B4A-11D0-8D11-00A0C91BC942}") = "0310-prac1", "0310-prac1\0310-prac1.vcxproj", "{3A2CE5B4-955B-4554-93A3-ED48D9B2FB91}"
EndProject
Project("{8BC9CEB8-8B4A-11D0-8D11-00A0C91BC942}") = "0310-2", "0310-2\0310-2.vcxproj", "{0915114F-2D02-418E-8AB9-9FE33AB9080A}"
EndProject
Project("{8BC9CEB8-8B4A-11D0-8D11-00A0C91BC942}") = "0317-1", "0317-1\0317-1.vcxproj", "{32FF1871-7B3C-4335-9314-2B0BBC2E43D7}"
EndProject
Project("{8BC9CEB8-8B4A-11D0-8D11-00A0C91BC942}") = "0317-prac1", "0317-prac1\0317-prac1.vcxproj", "{3CE4F64C-7694-4197-93D4-9EEBD9CC62D9}"
EndProject
Project("{8BC9CEB8-8B4A-11D0-8D11-00A0C91BC942}") = "0317-prac2", "0317-prac2\0317-prac2.vcxproj", "{7D9D32BF-CE94-4A9B-93D3-DAC10C0FED29}"
EndProject
Project("{8BC9CEB8-8B4A-11D0-8D11-00A0C91BC942}") = "0317-prac3", "0317-prac3\0317-prac3.vcxproj", "{DF33389C-E612-46FD-BF5C-2E70C14E5AFF}"
EndProject
Project("{8BC9CEB8-8B4A-11D0-8D11-00A0C91BC942}") = "0317-2", "0317-2\0317-2.vcxproj", "{A896FD31-68F9-450C-8B09-DC62B2DB2BE0}"
EndProject
Project("{8BC9CEB8-8B4A-11D0-8D11-00A0C91BC942}") = "0317-3", "0317-3\0317-3.vcxproj", "{46ED0140-781A-42C0-9882-CDB4110A6106}"
EndProject
Project("{8BC9CEB8-8B4A-11D0-8D11-00A0C91BC942}") = "0317-4", "0317-4\0317-4.vcxproj", "{52D1DB0B-837C-4D8B-85B8-0D58BEB63BE1}"
EndProject
Project("{8BC9CEB8-8B4A-11D0-8D11-00A0C91BC942}") = "0320", "0320\0320.vcxproj", "{138A7326-0231-4035-851A-915F84F5B939}"
EndProject
Project("{8BC9CEB8-8B4A-11D0-8D11-00A0C91BC942}") = "0324-1", "0324-1\0324-1.vcxproj", "{66790BD4-2B02-48E7-AC88-698CA12F5679}"
EndProject
Project("{8BC9CEB8-8B4A-11D0-8D11-00A0C91BC942}") = "0324-prac1", "0324-prac1\0324-prac1.vcxproj", "{0897C779-105A-4318-AD64-F16FF4C0FA20}"
EndProject
Project("{8BC9CEB8-8B4A-11D0-8D11-00A0C91BC942}") = "0324-prac2", "0324-prac2\0324-prac2.vcxproj", "{BC7CB07E-52C4-4D4E-AF07-B29FEA5954BB}"
EndProject
Project("{8BC9CEB8-8B4A-11D0-8D11-00A0C91BC942}") = "0324-2", "0324-2\0324-2.vcxproj", "{50849E42-A452-4A7A-BBCC-236B9160955C}"
EndProject
Project("{8BC9CEB8-8B4A-11D0-8D11-00A0C91BC942}") = "0324-prac3", "0324-prac3\0324-prac3.vcxproj", "{FCDE0984-9ECE-4DBF-91C7-59972FA092CE}"
EndProject
Project("{8BC9CEB8-8B4A-11D0-8D11-00A0C91BC942}") = "0324-3", "0324-3\0324-3.vcxproj", "{E23578D1-DA2C-4306-A267-F8375C243A84}"
EndProject
Project("{8BC9CEB8-8B4A-11D0-8D11-00A0C91BC942}") = "0324-prac4", "0324-prac4\0324-prac4.vcxproj", "{D65A0E47-62C2-49D8-BBE7-55B753F304CB}"
EndProject
Project("{8BC9CEB8-8B4A-11D0-8D11-00A0C91BC942}") = "0324-prac5", "0324-prac5\0324-prac5.vcxproj", "{4F75264B-2CBE-4041-9D48-3366FDBAE02E}"
EndProject
Project("{8BC9CEB8-8B4A-11D0-8D11-00A0C91BC942}") = "0324-prac6", "0324-prac6\0324-prac6.vcxproj", "{FE43CB9E-6329-4B9D-B0F7-0E2A4DDB77A3}"
EndProject
Project("{8BC9CEB8-8B4A-11D0-8D11-00A0C91BC942}") = "0324-4", "0324-4\0324-4.vcxproj", "{91C20820-4322-46BE-A9E7-F82B9DB2EF61}"
EndProject
Project("{8BC9CEB8-8B4A-11D0-8D11-00A0C91BC942}") = "0324-5", "0324-5\0324-5.vcxproj", "{ADA0710D-E2AD-47B4-938B-6059E3701F6B}"
EndProject
Project("{8BC9CEB8-8B4A-11D0-8D11-00A0C91BC942}") = "0324-prac7", "0324-prac7\0324-prac7.vcxproj", "{DC7C8DD3-F9F3-4AC6-9DAF-751C7A32325E}"
EndProject
Project("{8BC9CEB8-8B4A-11D0-8D11-00A0C91BC942}") = "0328", "0328\0328.vcxproj", "{27C72807-E973-4ED0-8B93-B1F3F5899EA5}"
EndProject
Project("{8BC9CEB8-8B4A-11D0-8D11-00A0C91BC942}") = "0331-1", "0331-1\0331-1.vcxproj", "{B9E4680E-249F-4D01-8A3D-28A9C6CCA7CC}"
EndProject
Project("{8BC9CEB8-8B4A-11D0-8D11-00A0C91BC942}") = "0331-2", "0331-2\0331-2.vcxproj", "{B8DF8F04-5DDA-47A1-92ED-B295FF8BDAEE}"
EndProject
Project("{8BC9CEB8-8B4A-11D0-8D11-00A0C91BC942}") = "0331-3", "0331-3\0331-3.vcxproj", "{3DCE71CB-FB0A-4315-9A9C-E9D7453A7199}"
EndProject
Project("{8BC9CEB8-8B4A-11D0-8D11-00A0C91BC942}") = "0331-prac1", "0331-prac1\0331-prac1.vcxproj", "{465D0565-4EDC-4DDE-8C5C-170EB47FCB4D}"
EndProject
Project("{8BC9CEB8-8B4A-11D0-8D11-00A0C91BC942}") = "0331-prac2", "0331-prac2\0331-prac2.vcxproj", "{1F3BCC9A-0934-42D2-A9A8-A6B0AB630171}"
EndProject
Project("{8BC9CEB8-8B4A-11D0-8D11-00A0C91BC942}") = "0331-4", "0331-4\0331-4.vcxproj", "{C57A214C-5E56-4BDD-B47A-CB06FB5118D3}"
EndProject
Project("{8BC9CEB8-8B4A-11D0-8D11-00A0C91BC942}") = "0331-5", "0331-5\0331-5.vcxproj", "{4A5D42E5-900B-446E-8BF1-3C25733D481B}"
EndProject
Project("{8BC9CEB8-8B4A-11D0-8D11-00A0C91BC942}") = "0331-6", "0331-6\0331-6.vcxproj", "{F85A1134-3E33-425D-BACA-5B04F89E572B}"
EndProject
Project("{8BC9CEB8-8B4A-11D0-8D11-00A0C91BC942}") = "0331-7", "0331-7\0331-7.vcxproj", "{10348F46-56D1-4053-A73E-27A0F449C9E4}"
EndProject
Project("{8BC9CEB8-8B4A-11D0-8D11-00A0C91BC942}") = "0406", "0406\0406.vcxproj", "{BBCC5690-E0DE-4CF7-BAD1-293AE973E160}"
EndProject
Global
	GlobalSection(SolutionConfigurationPlatforms) = preSolution
		Debug|x64 = Debug|x64
		Debug|x86 = Debug|x86
		Release|x64 = Release|x64
		Release|x86 = Release|x86
	EndGlobalSection
	GlobalSection(ProjectConfigurationPlatforms) = postSolution
		{CD98760E-5813-4ADC-951B-A70BBDE510CB}.Debug|x64.ActiveCfg = Debug|x64
		{CD98760E-5813-4ADC-951B-A70BBDE510CB}.Debug|x64.Build.0 = Debug|x64
		{CD98760E-5813-4ADC-951B-A70BBDE510CB}.Debug|x86.ActiveCfg = Debug|Win32
		{CD98760E-5813-4ADC-951B-A70BBDE510CB}.Debug|x86.Build.0 = Debug|Win32
		{CD98760E-5813-4ADC-951B-A70BBDE510CB}.Release|x64.ActiveCfg = Release|x64
		{CD98760E-5813-4ADC-951B-A70BBDE510CB}.Release|x64.Build.0 = Release|x64
		{CD98760E-5813-4ADC-951B-A70BBDE510CB}.Release|x86.ActiveCfg = Release|Win32
		{CD98760E-5813-4ADC-951B-A70BBDE510CB}.Release|x86.Build.0 = Release|Win32
		{3A2CE5B4-955B-4554-93A3-ED48D9B2FB91}.Debug|x64.ActiveCfg = Debug|x64
		{3A2CE5B4-955B-4554-93A3-ED48D9B2FB91}.Debug|x64.Build.0 = Debug|x64
		{3A2CE5B4-955B-4554-93A3-ED48D9B2FB91}.Debug|x86.ActiveCfg = Debug|Win32
		{3A2CE5B4-955B-4554-93A3-ED48D9B2FB91}.Debug|x86.Build.0 = Debug|Win32
		{3A2CE5B4-955B-4554-93A3-ED48D9B2FB91}.Release|x64.ActiveCfg = Release|x64
		{3A2CE5B4-955B-4554-93A3-ED48D9B2FB91}.Release|x64.Build.0 = Release|x64
		{3A2CE5B4-955B-4554-93A3-ED48D9B2FB91}.Release|x86.ActiveCfg = Release|Win32
		{3A2CE5B4-955B-4554-93A3-ED48D9B2FB91}.Release|x86.Build.0 = Release|Win32
		{0915114F-2D02-418E-8AB9-9FE33AB9080A}.Debug|x64.ActiveCfg = Debug|x64
		{0915114F-2D02-418E-8AB9-9FE33AB9080A}.Debug|x64.Build.0 = Debug|x64
		{0915114F-2D02-418E-8AB9-9FE33AB9080A}.Debug|x86.ActiveCfg = Debug|Win32
		{0915114F-2D02-418E-8AB9-9FE33AB9080A}.Debug|x86.Build.0 = Debug|Win32
		{0915114F-2D02-418E-8AB9-9FE33AB9080A}.Release|x64.ActiveCfg = Release|x64
		{0915114F-2D02-418E-8AB9-9FE33AB9080A}.Release|x64.Build.0 = Release|x64
		{0915114F-2D02-418E-8AB9-9FE33AB9080A}.Release|x86.ActiveCfg = Release|Win32
		{0915114F-2D02-418E-8AB9-9FE33AB9080A}.Release|x86.Build.0 = Release|Win32
		{32FF1871-7B3C-4335-9314-2B0BBC2E43D7}.Debug|x64.ActiveCfg = Debug|x64
		{32FF1871-7B3C-4335-9314-2B0BBC2E43D7}.Debug|x64.Build.0 = Debug|x64
		{32FF1871-7B3C-4335-9314-2B0BBC2E43D7}.Debug|x86.ActiveCfg = Debug|Win32
		{32FF1871-7B3C-4335-9314-2B0BBC2E43D7}.Debug|x86.Build.0 = Debug|Win32
		{32FF1871-7B3C-4335-9314-2B0BBC2E43D7}.Release|x64.ActiveCfg = Release|x64
		{32FF1871-7B3C-4335-9314-2B0BBC2E43D7}.Release|x64.Build.0 = Release|x64
		{32FF1871-7B3C-4335-9314-2B0BBC2E43D7}.Release|x86.ActiveCfg = Release|Win32
		{32FF1871-7B3C-4335-9314-2B0BBC2E43D7}.Release|x86.Build.0 = Release|Win32
		{3CE4F64C-7694-4197-93D4-9EEBD9CC62D9}.Debug|x64.ActiveCfg = Debug|x64
		{3CE4F64C-7694-4197-93D4-9EEBD9CC62D9}.Debug|x64.Build.0 = Debug|x64
		{3CE4F64C-7694-4197-93D4-9EEBD9CC62D9}.Debug|x86.ActiveCfg = Debug|Win32
		{3CE4F64C-7694-4197-93D4-9EEBD9CC62D9}.Debug|x86.Build.0 = Debug|Win32
		{3CE4F64C-7694-4197-93D4-9EEBD9CC62D9}.Release|x64.ActiveCfg = Release|x64
		{3CE4F64C-7694-4197-93D4-9EEBD9CC62D9}.Release|x64.Build.0 = Release|x64
		{3CE4F64C-7694-4197-93D4-9EEBD9CC62D9}.Release|x86.ActiveCfg = Release|Win32
		{3CE4F64C-7694-4197-93D4-9EEBD9CC62D9}.Release|x86.Build.0 = Release|Win32
		{7D9D32BF-CE94-4A9B-93D3-DAC10C0FED29}.Debug|x64.ActiveCfg = Debug|x64
		{7D9D32BF-CE94-4A9B-93D3-DAC10C0FED29}.Debug|x64.Build.0 = Debug|x64
		{7D9D32BF-CE94-4A9B-93D3-DAC10C0FED29}.Debug|x86.ActiveCfg = Debug|Win32
		{7D9D32BF-CE94-4A9B-93D3-DAC10C0FED29}.Debug|x86.Build.0 = Debug|Win32
		{7D9D32BF-CE94-4A9B-93D3-DAC10C0FED29}.Release|x64.ActiveCfg = Release|x64
		{7D9D32BF-CE94-4A9B-93D3-DAC10C0FED29}.Release|x64.Build.0 = Release|x64
		{7D9D32BF-CE94-4A9B-93D3-DAC10C0FED29}.Release|x86.ActiveCfg = Release|Win32
		{7D9D32BF-CE94-4A9B-93D3-DAC10C0FED29}.Release|x86.Build.0 = Release|Win32
		{DF33389C-E612-46FD-BF5C-2E70C14E5AFF}.Debug|x64.ActiveCfg = Debug|x64
		{DF33389C-E612-46FD-BF5C-2E70C14E5AFF}.Debug|x64.Build.0 = Debug|x64
		{DF33389C-E612-46FD-BF5C-2E70C14E5AFF}.Debug|x86.ActiveCfg = Debug|Win32
		{DF33389C-E612-46FD-BF5C-2E70C14E5AFF}.Debug|x86.Build.0 = Debug|Win32
		{DF33389C-E612-46FD-BF5C-2E70C14E5AFF}.Release|x64.ActiveCfg = Release|x64
		{DF33389C-E612-46FD-BF5C-2E70C14E5AFF}.Release|x64.Build.0 = Release|x64
		{DF33389C-E612-46FD-BF5C-2E70C14E5AFF}.Release|x86.ActiveCfg = Release|Win32
		{DF33389C-E612-46FD-BF5C-2E70C14E5AFF}.Release|x86.Build.0 = Release|Win32
		{A896FD31-68F9-450C-8B09-DC62B2DB2BE0}.Debug|x64.ActiveCfg = Debug|x64
		{A896FD31-68F9-450C-8B09-DC62B2DB2BE0}.Debug|x64.Build.0 = Debug|x64
		{A896FD31-68F9-450C-8B09-DC62B2DB2BE0}.Debug|x86.ActiveCfg = Debug|Win32
		{A896FD31-68F9-450C-8B09-DC62B2DB2BE0}.Debug|x86.Build.0 = Debug|Win32
		{A896FD31-68F9-450C-8B09-DC62B2DB2BE0}.Release|x64.ActiveCfg = Release|x64
		{A896FD31-68F9-450C-8B09-DC62B2DB2BE0}.Release|x64.Build.0 = Release|x64
		{A896FD31-68F9-450C-8B09-DC62B2DB2BE0}.Release|x86.ActiveCfg = Release|Win32
		{A896FD31-68F9-450C-8B09-DC62B2DB2BE0}.Release|x86.Build.0 = Release|Win32
		{46ED0140-781A-42C0-9882-CDB4110A6106}.Debug|x64.ActiveCfg = Debug|x64
		{46ED0140-781A-42C0-9882-CDB4110A6106}.Debug|x64.Build.0 = Debug|x64
		{46ED0140-781A-42C0-9882-CDB4110A6106}.Debug|x86.ActiveCfg = Debug|Win32
		{46ED0140-781A-42C0-9882-CDB4110A6106}.Debug|x86.Build.0 = Debug|Win32
		{46ED0140-781A-42C0-9882-CDB4110A6106}.Release|x64.ActiveCfg = Release|x64
		{46ED0140-781A-42C0-9882-CDB4110A6106}.Release|x64.Build.0 = Release|x64
		{46ED0140-781A-42C0-9882-CDB4110A6106}.Release|x86.ActiveCfg = Release|Win32
		{46ED0140-781A-42C0-9882-CDB4110A6106}.Release|x86.Build.0 = Release|Win32
		{52D1DB0B-837C-4D8B-85B8-0D58BEB63BE1}.Debug|x64.ActiveCfg = Debug|x64
		{52D1DB0B-837C-4D8B-85B8-0D58BEB63BE1}.Debug|x64.Build.0 = Debug|x64
		{52D1DB0B-837C-4D8B-85B8-0D58BEB63BE1}.Debug|x86.ActiveCfg = Debug|Win32
		{52D1DB0B-837C-4D8B-85B8-0D58BEB63BE1}.Debug|x86.Build.0 = Debug|Win32
		{52D1DB0B-837C-4D8B-85B8-0D58BEB63BE1}.Release|x64.ActiveCfg = Release|x64
		{52D1DB0B-837C-4D8B-85B8-0D58BEB63BE1}.Release|x64.Build.0 = Release|x64
		{52D1DB0B-837C-4D8B-85B8-0D58BEB63BE1}.Release|x86.ActiveCfg = Release|Win32
		{52D1DB0B-837C-4D8B-85B8-0D58BEB63BE1}.Release|x86.Build.0 = Release|Win32
		{138A7326-0231-4035-851A-915F84F5B939}.Debug|x64.ActiveCfg = Debug|x64
		{138A7326-0231-4035-851A-915F84F5B939}.Debug|x64.Build.0 = Debug|x64
		{138A7326-0231-4035-851A-915F84F5B939}.Debug|x86.ActiveCfg = Debug|Win32
		{138A7326-0231-4035-851A-915F84F5B939}.Debug|x86.Build.0 = Debug|Win32
		{138A7326-0231-4035-851A-915F84F5B939}.Release|x64.ActiveCfg = Release|x64
		{138A7326-0231-4035-851A-915F84F5B939}.Release|x64.Build.0 = Release|x64
		{138A7326-0231-4035-851A-915F84F5B939}.Release|x86.ActiveCfg = Release|Win32
		{138A7326-0231-4035-851A-915F84F5B939}.Release|x86.Build.0 = Release|Win32
		{66790BD4-2B02-48E7-AC88-698CA12F5679}.Debug|x64.ActiveCfg = Debug|x64
		{66790BD4-2B02-48E7-AC88-698CA12F5679}.Debug|x64.Build.0 = Debug|x64
		{66790BD4-2B02-48E7-AC88-698CA12F5679}.Debug|x86.ActiveCfg = Debug|Win32
		{66790BD4-2B02-48E7-AC88-698CA12F5679}.Debug|x86.Build.0 = Debug|Win32
		{66790BD4-2B02-48E7-AC88-698CA12F5679}.Release|x64.ActiveCfg = Release|x64
		{66790BD4-2B02-48E7-AC88-698CA12F5679}.Release|x64.Build.0 = Release|x64
		{66790BD4-2B02-48E7-AC88-698CA12F5679}.Release|x86.ActiveCfg = Release|Win32
		{66790BD4-2B02-48E7-AC88-698CA12F5679}.Release|x86.Build.0 = Release|Win32
		{0897C779-105A-4318-AD64-F16FF4C0FA20}.Debug|x64.ActiveCfg = Debug|x64
		{0897C779-105A-4318-AD64-F16FF4C0FA20}.Debug|x64.Build.0 = Debug|x64
		{0897C779-105A-4318-AD64-F16FF4C0FA20}.Debug|x86.ActiveCfg = Debug|Win32
		{0897C779-105A-4318-AD64-F16FF4C0FA20}.Debug|x86.Build.0 = Debug|Win32
		{0897C779-105A-4318-AD64-F16FF4C0FA20}.Release|x64.ActiveCfg = Release|x64
		{0897C779-105A-4318-AD64-F16FF4C0FA20}.Release|x64.Build.0 = Release|x64
		{0897C779-105A-4318-AD64-F16FF4C0FA20}.Release|x86.ActiveCfg = Release|Win32
		{0897C779-105A-4318-AD64-F16FF4C0FA20}.Release|x86.Build.0 = Release|Win32
		{BC7CB07E-52C4-4D4E-AF07-B29FEA5954BB}.Debug|x64.ActiveCfg = Debug|x64
		{BC7CB07E-52C4-4D4E-AF07-B29FEA5954BB}.Debug|x64.Build.0 = Debug|x64
		{BC7CB07E-52C4-4D4E-AF07-B29FEA5954BB}.Debug|x86.ActiveCfg = Debug|Win32
		{BC7CB07E-52C4-4D4E-AF07-B29FEA5954BB}.Debug|x86.Build.0 = Debug|Win32
		{BC7CB07E-52C4-4D4E-AF07-B29FEA5954BB}.Release|x64.ActiveCfg = Release|x64
		{BC7CB07E-52C4-4D4E-AF07-B29FEA5954BB}.Release|x64.Build.0 = Release|x64
		{BC7CB07E-52C4-4D4E-AF07-B29FEA5954BB}.Release|x86.ActiveCfg = Release|Win32
		{BC7CB07E-52C4-4D4E-AF07-B29FEA5954BB}.Release|x86.Build.0 = Release|Win32
		{50849E42-A452-4A7A-BBCC-236B9160955C}.Debug|x64.ActiveCfg = Debug|x64
		{50849E42-A452-4A7A-BBCC-236B9160955C}.Debug|x64.Build.0 = Debug|x64
		{50849E42-A452-4A7A-BBCC-236B9160955C}.Debug|x86.ActiveCfg = Debug|Win32
		{50849E42-A452-4A7A-BBCC-236B9160955C}.Debug|x86.Build.0 = Debug|Win32
		{50849E42-A452-4A7A-BBCC-236B9160955C}.Release|x64.ActiveCfg = Release|x64
		{50849E42-A452-4A7A-BBCC-236B9160955C}.Release|x64.Build.0 = Release|x64
		{50849E42-A452-4A7A-BBCC-236B9160955C}.Release|x86.ActiveCfg = Release|Win32
		{50849E42-A452-4A7A-BBCC-236B9160955C}.Release|x86.Build.0 = Release|Win32
		{FCDE0984-9ECE-4DBF-91C7-59972FA092CE}.Debug|x64.ActiveCfg = Debug|x64
		{FCDE0984-9ECE-4DBF-91C7-59972FA092CE}.Debug|x64.Build.0 = Debug|x64
		{FCDE0984-9ECE-4DBF-91C7-59972FA092CE}.Debug|x86.ActiveCfg = Debug|Win32
		{FCDE0984-9ECE-4DBF-91C7-59972FA092CE}.Debug|x86.Build.0 = Debug|Win32
		{FCDE0984-9ECE-4DBF-91C7-59972FA092CE}.Release|x64.ActiveCfg = Release|x64
		{FCDE0984-9ECE-4DBF-91C7-59972FA092CE}.Release|x64.Build.0 = Release|x64
		{FCDE0984-9ECE-4DBF-91C7-59972FA092CE}.Release|x86.ActiveCfg = Release|Win32
		{FCDE0984-9ECE-4DBF-91C7-59972FA092CE}.Release|x86.Build.0 = Release|Win32
		{E23578D1-DA2C-4306-A267-F8375C243A84}.Debug|x64.ActiveCfg = Debug|x64
		{E23578D1-DA2C-4306-A267-F8375C243A84}.Debug|x64.Build.0 = Debug|x64
		{E23578D1-DA2C-4306-A267-F8375C243A84}.Debug|x86.ActiveCfg = Debug|Win32
		{E23578D1-DA2C-4306-A267-F8375C243A84}.Debug|x86.Build.0 = Debug|Win32
		{E23578D1-DA2C-4306-A267-F8375C243A84}.Release|x64.ActiveCfg = Release|x64
		{E23578D1-DA2C-4306-A267-F8375C243A84}.Release|x64.Build.0 = Release|x64
		{E23578D1-DA2C-4306-A267-F8375C243A84}.Release|x86.ActiveCfg = Release|Win32
		{E23578D1-DA2C-4306-A267-F8375C243A84}.Release|x86.Build.0 = Release|Win32
		{D65A0E47-62C2-49D8-BBE7-55B753F304CB}.Debug|x64.ActiveCfg = Debug|x64
		{D65A0E47-62C2-49D8-BBE7-55B753F304CB}.Debug|x64.Build.0 = Debug|x64
		{D65A0E47-62C2-49D8-BBE7-55B753F304CB}.Debug|x86.ActiveCfg = Debug|Win32
		{D65A0E47-62C2-49D8-BBE7-55B753F304CB}.Debug|x86.Build.0 = Debug|Win32
		{D65A0E47-62C2-49D8-BBE7-55B753F304CB}.Release|x64.ActiveCfg = Release|x64
		{D65A0E47-62C2-49D8-BBE7-55B753F304CB}.Release|x64.Build.0 = Release|x64
		{D65A0E47-62C2-49D8-BBE7-55B753F304CB}.Release|x86.ActiveCfg = Release|Win32
		{D65A0E47-62C2-49D8-BBE7-55B753F304CB}.Release|x86.Build.0 = Release|Win32
		{4F75264B-2CBE-4041-9D48-3366FDBAE02E}.Debug|x64.ActiveCfg = Debug|x64
		{4F75264B-2CBE-4041-9D48-3366FDBAE02E}.Debug|x64.Build.0 = Debug|x64
		{4F75264B-2CBE-4041-9D48-3366FDBAE02E}.Debug|x86.ActiveCfg = Debug|Win32
		{4F75264B-2CBE-4041-9D48-3366FDBAE02E}.Debug|x86.Build.0 = Debug|Win32
		{4F75264B-2CBE-4041-9D48-3366FDBAE02E}.Release|x64.ActiveCfg = Release|x64
		{4F75264B-2CBE-4041-9D48-3366FDBAE02E}.Release|x64.Build.0 = Release|x64
		{4F75264B-2CBE-4041-9D48-3366FDBAE02E}.Release|x86.ActiveCfg = Release|Win32
		{4F75264B-2CBE-4041-9D48-3366FDBAE02E}.Release|x86.Build.0 = Release|Win32
		{FE43CB9E-6329-4B9D-B0F7-0E2A4DDB77A3}.Debug|x64.ActiveCfg = Debug|x64
		{FE43CB9E-6329-4B9D-B0F7-0E2A4DDB77A3}.Debug|x64.Build.0 = Debug|x64
		{FE43CB9E-6329-4B9D-B0F7-0E2A4DDB77A3}.Debug|x86.ActiveCfg = Debug|Win32
		{FE43CB9E-6329-4B9D-B0F7-0E2A4DDB77A3}.Debug|x86.Build.0 = Debug|Win32
		{FE43CB9E-6329-4B9D-B0F7-0E2A4DDB77A3}.Release|x64.ActiveCfg = Release|x64
		{FE43CB9E-6329-4B9D-B0F7-0E2A4DDB77A3}.Release|x64.Build.0 = Release|x64
		{FE43CB9E-6329-4B9D-B0F7-0E2A4DDB77A3}.Release|x86.ActiveCfg = Release|Win32
		{FE43CB9E-6329-4B9D-B0F7-0E2A4DDB77A3}.Release|x86.Build.0 = Release|Win32
		{91C20820-4322-46BE-A9E7-F82B9DB2EF61}.Debug|x64.ActiveCfg = Debug|x64
		{91C20820-4322-46BE-A9E7-F82B9DB2EF61}.Debug|x64.Build.0 = Debug|x64
		{91C20820-4322-46BE-A9E7-F82B9DB2EF61}.Debug|x86.ActiveCfg = Debug|Win32
		{91C20820-4322-46BE-A9E7-F82B9DB2EF61}.Debug|x86.Build.0 = Debug|Win32
		{91C20820-4322-46BE-A9E7-F82B9DB2EF61}.Release|x64.ActiveCfg = Release|x64
		{91C20820-4322-46BE-A9E7-F82B9DB2EF61}.Release|x64.Build.0 = Release|x64
		{91C20820-4322-46BE-A9E7-F82B9DB2EF61}.Release|x86.ActiveCfg = Release|Win32
		{91C20820-4322-46BE-A9E7-F82B9DB2EF61}.Release|x86.Build.0 = Release|Win32
		{ADA0710D-E2AD-47B4-938B-6059E3701F6B}.Debug|x64.ActiveCfg = Debug|x64
		{ADA0710D-E2AD-47B4-938B-6059E3701F6B}.Debug|x64.Build.0 = Debug|x64
		{ADA0710D-E2AD-47B4-938B-6059E3701F6B}.Debug|x86.ActiveCfg = Debug|Win32
		{ADA0710D-E2AD-47B4-938B-6059E3701F6B}.Debug|x86.Build.0 = Debug|Win32
		{ADA0710D-E2AD-47B4-938B-6059E3701F6B}.Release|x64.ActiveCfg = Release|x64
		{ADA0710D-E2AD-47B4-938B-6059E3701F6B}.Release|x64.Build.0 = Release|x64
		{ADA0710D-E2AD-47B4-938B-6059E3701F6B}.Release|x86.ActiveCfg = Release|Win32
		{ADA0710D-E2AD-47B4-938B-6059E3701F6B}.Release|x86.Build.0 = Release|Win32
		{DC7C8DD3-F9F3-4AC6-9DAF-751C7A32325E}.Debug|x64.ActiveCfg = Debug|x64
		{DC7C8DD3-F9F3-4AC6-9DAF-751C7A32325E}.Debug|x64.Build.0 = Debug|x64
		{DC7C8DD3-F9F3-4AC6-9DAF-751C7A32325E}.Debug|x86.ActiveCfg = Debug|Win32
		{DC7C8DD3-F9F3-4AC6-9DAF-751C7A32325E}.Debug|x86.Build.0 = Debug|Win32
		{DC7C8DD3-F9F3-4AC6-9DAF-751C7A32325E}.Release|x64.ActiveCfg = Release|x64
		{DC7C8DD3-F9F3-4AC6-9DAF-751C7A32325E}.Release|x64.Build.0 = Release|x64
		{DC7C8DD3-F9F3-4AC6-9DAF-751C7A32325E}.Release|x86.ActiveCfg = Release|Win32
		{DC7C8DD3-F9F3-4AC6-9DAF-751C7A32325E}.Release|x86.Build.0 = Release|Win32
		{27C72807-E973-4ED0-8B93-B1F3F5899EA5}.Debug|x64.ActiveCfg = Debug|x64
		{27C72807-E973-4ED0-8B93-B1F3F5899EA5}.Debug|x64.Build.0 = Debug|x64
		{27C72807-E973-4ED0-8B93-B1F3F5899EA5}.Debug|x86.ActiveCfg = Debug|Win32
		{27C72807-E973-4ED0-8B93-B1F3F5899EA5}.Debug|x86.Build.0 = Debug|Win32
		{27C72807-E973-4ED0-8B93-B1F3F5899EA5}.Release|x64.ActiveCfg = Release|x64
		{27C72807-E973-4ED0-8B93-B1F3F5899EA5}.Release|x64.Build.0 = Release|x64
		{27C72807-E973-4ED0-8B93-B1F3F5899EA5}.Release|x86.ActiveCfg = Release|Win32
		{27C72807-E973-4ED0-8B93-B1F3F5899EA5}.Release|x86.Build.0 = Release|Win32
		{B9E4680E-249F-4D01-8A3D-28A9C6CCA7CC}.Debug|x64.ActiveCfg = Debug|x64
		{B9E4680E-249F-4D01-8A3D-28A9C6CCA7CC}.Debug|x64.Build.0 = Debug|x64
		{B9E4680E-249F-4D01-8A3D-28A9C6CCA7CC}.Debug|x86.ActiveCfg = Debug|Win32
		{B9E4680E-249F-4D01-8A3D-28A9C6CCA7CC}.Debug|x86.Build.0 = Debug|Win32
		{B9E4680E-249F-4D01-8A3D-28A9C6CCA7CC}.Release|x64.ActiveCfg = Release|x64
		{B9E4680E-249F-4D01-8A3D-28A9C6CCA7CC}.Release|x64.Build.0 = Release|x64
		{B9E4680E-249F-4D01-8A3D-28A9C6CCA7CC}.Release|x86.ActiveCfg = Release|Win32
		{B9E4680E-249F-4D01-8A3D-28A9C6CCA7CC}.Release|x86.Build.0 = Release|Win32
		{B8DF8F04-5DDA-47A1-92ED-B295FF8BDAEE}.Debug|x64.ActiveCfg = Debug|x64
		{B8DF8F04-5DDA-47A1-92ED-B295FF8BDAEE}.Debug|x64.Build.0 = Debug|x64
		{B8DF8F04-5DDA-47A1-92ED-B295FF8BDAEE}.Debug|x86.ActiveCfg = Debug|Win32
		{B8DF8F04-5DDA-47A1-92ED-B295FF8BDAEE}.Debug|x86.Build.0 = Debug|Win32
		{B8DF8F04-5DDA-47A1-92ED-B295FF8BDAEE}.Release|x64.ActiveCfg = Release|x64
		{B8DF8F04-5DDA-47A1-92ED-B295FF8BDAEE}.Release|x64.Build.0 = Release|x64
		{B8DF8F04-5DDA-47A1-92ED-B295FF8BDAEE}.Release|x86.ActiveCfg = Release|Win32
		{B8DF8F04-5DDA-47A1-92ED-B295FF8BDAEE}.Release|x86.Build.0 = Release|Win32
		{3DCE71CB-FB0A-4315-9A9C-E9D7453A7199}.Debug|x64.ActiveCfg = Debug|x64
		{3DCE71CB-FB0A-4315-9A9C-E9D7453A7199}.Debug|x64.Build.0 = Debug|x64
		{3DCE71CB-FB0A-4315-9A9C-E9D7453A7199}.Debug|x86.ActiveCfg = Debug|Win32
		{3DCE71CB-FB0A-4315-9A9C-E9D7453A7199}.Debug|x86.Build.0 = Debug|Win32
		{3DCE71CB-FB0A-4315-9A9C-E9D7453A7199}.Release|x64.ActiveCfg = Release|x64
		{3DCE71CB-FB0A-4315-9A9C-E9D7453A7199}.Release|x64.Build.0 = Release|x64
		{3DCE71CB-FB0A-4315-9A9C-E9D7453A7199}.Release|x86.ActiveCfg = Release|Win32
		{3DCE71CB-FB0A-4315-9A9C-E9D7453A7199}.Release|x86.Build.0 = Release|Win32
		{465D0565-4EDC-4DDE-8C5C-170EB47FCB4D}.Debug|x64.ActiveCfg = Debug|x64
		{465D0565-4EDC-4DDE-8C5C-170EB47FCB4D}.Debug|x64.Build.0 = Debug|x64
		{465D0565-4EDC-4DDE-8C5C-170EB47FCB4D}.Debug|x86.ActiveCfg = Debug|Win32
		{465D0565-4EDC-4DDE-8C5C-170EB47FCB4D}.Debug|x86.Build.0 = Debug|Win32
		{465D0565-4EDC-4DDE-8C5C-170EB47FCB4D}.Release|x64.ActiveCfg = Release|x64
		{465D0565-4EDC-4DDE-8C5C-170EB47FCB4D}.Release|x64.Build.0 = Release|x64
		{465D0565-4EDC-4DDE-8C5C-170EB47FCB4D}.Release|x86.ActiveCfg = Release|Win32
		{465D0565-4EDC-4DDE-8C5C-170EB47FCB4D}.Release|x86.Build.0 = Release|Win32
		{1F3BCC9A-0934-42D2-A9A8-A6B0AB630171}.Debug|x64.ActiveCfg = Debug|x64
		{1F3BCC9A-0934-42D2-A9A8-A6B0AB630171}.Debug|x64.Build.0 = Debug|x64
		{1F3BCC9A-0934-42D2-A9A8-A6B0AB630171}.Debug|x86.ActiveCfg = Debug|Win32
		{1F3BCC9A-0934-42D2-A9A8-A6B0AB630171}.Debug|x86.Build.0 = Debug|Win32
		{1F3BCC9A-0934-42D2-A9A8-A6B0AB630171}.Release|x64.ActiveCfg = Release|x64
		{1F3BCC9A-0934-42D2-A9A8-A6B0AB630171}.Release|x64.Build.0 = Release|x64
		{1F3BCC9A-0934-42D2-A9A8-A6B0AB630171}.Release|x86.ActiveCfg = Release|Win32
		{1F3BCC9A-0934-42D2-A9A8-A6B0AB630171}.Release|x86.Build.0 = Release|Win32
		{C57A214C-5E56-4BDD-B47A-CB06FB5118D3}.Debug|x64.ActiveCfg = Debug|x64
		{C57A214C-5E56-4BDD-B47A-CB06FB5118D3}.Debug|x64.Build.0 = Debug|x64
		{C57A214C-5E56-4BDD-B47A-CB06FB5118D3}.Debug|x86.ActiveCfg = Debug|Win32
		{C57A214C-5E56-4BDD-B47A-CB06FB5118D3}.Debug|x86.Build.0 = Debug|Win32
		{C57A214C-5E56-4BDD-B47A-CB06FB5118D3}.Release|x64.ActiveCfg = Release|x64
		{C57A214C-5E56-4BDD-B47A-CB06FB5118D3}.Release|x64.Build.0 = Release|x64
		{C57A214C-5E56-4BDD-B47A-CB06FB5118D3}.Release|x86.ActiveCfg = Release|Win32
		{C57A214C-5E56-4BDD-B47A-CB06FB5118D3}.Release|x86.Build.0 = Release|Win32
		{4A5D42E5-900B-446E-8BF1-3C25733D481B}.Debug|x64.ActiveCfg = Debug|x64
		{4A5D42E5-900B-446E-8BF1-3C25733D481B}.Debug|x64.Build.0 = Debug|x64
		{4A5D42E5-900B-446E-8BF1-3C25733D481B}.Debug|x86.ActiveCfg = Debug|Win32
		{4A5D42E5-900B-446E-8BF1-3C25733D481B}.Debug|x86.Build.0 = Debug|Win32
		{4A5D42E5-900B-446E-8BF1-3C25733D481B}.Release|x64.ActiveCfg = Release|x64
		{4A5D42E5-900B-446E-8BF1-3C25733D481B}.Release|x64.Build.0 = Release|x64
		{4A5D42E5-900B-446E-8BF1-3C25733D481B}.Release|x86.ActiveCfg = Release|Win32
		{4A5D42E5-900B-446E-8BF1-3C25733D481B}.Release|x86.Build.0 = Release|Win32
		{F85A1134-3E33-425D-BACA-5B04F89E572B}.Debug|x64.ActiveCfg = Debug|x64
		{F85A1134-3E33-425D-BACA-5B04F89E572B}.Debug|x64.Build.0 = Debug|x64
		{F85A1134-3E33-425D-BACA-5B04F89E572B}.Debug|x86.ActiveCfg = Debug|Win32
		{F85A1134-3E33-425D-BACA-5B04F89E572B}.Debug|x86.Build.0 = Debug|Win32
		{F85A1134-3E33-425D-BACA-5B04F89E572B}.Release|x64.ActiveCfg = Release|x64
		{F85A1134-3E33-425D-BACA-5B04F89E572B}.Release|x64.Build.0 = Release|x64
		{F85A1134-3E33-425D-BACA-5B04F89E572B}.Release|x86.ActiveCfg = Release|Win32
		{F85A1134-3E33-425D-BACA-5B04F89E572B}.Release|x86.Build.0 = Release|Win32
		{10348F46-56D1-4053-A73E-27A0F449C9E4}.Debug|x64.ActiveCfg = Debug|x64
		{10348F46-56D1-4053-A73E-27A0F449C9E4}.Debug|x64.Build.0 = Debug|x64
		{10348F46-56D1-4053-A73E-27A0F449C9E4}.Debug|x86.ActiveCfg = Debug|Win32
		{10348F46-56D1-4053-A73E-27A0F449C9E4}.Debug|x86.Build.0 = Debug|Win32
		{10348F46-56D1-4053-A73E-27A0F449C9E4}.Release|x64.ActiveCfg = Release|x64
		{10348F46-56D1-4053-A73E-27A0F449C9E4}.Release|x64.Build.0 = Release|x64
		{10348F46-56D1-4053-A73E-27A0F449C9E4}.Release|x86.ActiveCfg = Release|Win32
		{10348F46-56D1-4053-A73E-27A0F449C9E4}.Release|x86.Build.0 = Release|Win32
		{BBCC5690-E0DE-4CF7-BAD1-293AE973E160}.Debug|x64.ActiveCfg = Debug|x64
		{BBCC5690-E0DE-4CF7-BAD1-293AE973E160}.Debug|x64.Build.0 = Debug|x64
		{BBCC5690-E0DE-4CF7-BAD1-293AE973E160}.Debug|x86.ActiveCfg = Debug|Win32
		{BBCC5690-E0DE-4CF7-BAD1-293AE973E160}.Debug|x86.Build.0 = Debug|Win32
		{BBCC5690-E0DE-4CF7-BAD1-293AE973E160}.Release|x64.ActiveCfg = Release|x64
		{BBCC5690-E0DE-4CF7-BAD1-293AE973E160}.Release|x64.Build.0 = Release|x64
		{BBCC5690-E0DE-4CF7-BAD1-293AE973E160}.Release|x86.ActiveCfg = Release|Win32
		{BBCC5690-E0DE-4CF7-BAD1-293AE973E160}.Release|x86.Build.0 = Release|Win32
	EndGlobalSection
	GlobalSection(SolutionProperties) = preSolution
		HideSolutionNode = FALSE
	EndGlobalSection
	GlobalSection(ExtensibilityGlobals) = postSolution
		SolutionGuid = {9DFAA476-AE45-4512-911B-61929067DF95}
	EndGlobalSection
EndGlobal
