
Microsoft Visual Studio Solution File, Format Version 12.00
# Visual Studio Version 17
VisualStudioVersion = 17.5.33424.131
MinimumVisualStudioVersion = 10.0.40219.1
Project("{8BC9CEB8-8B4A-11D0-8D11-00A0C91BC942}") = "0310-1", "0310-1\0310-1.vcxproj", "{CD98760E-5813-4ADC-951B-A70BBDE510CB}"
EndProject
Project("{8BC9CEB8-8B4A-11D0-8D11-00A0C91BC942}") = "0310-prac1", "0310-prac1\0310-prac1.vcxproj", "{3A2CE5B4-955B-4554-93A3-ED48D9B2FB91}"
EndProject
Project("{8BC9CEB8-8B4A-11D0-8D11-00A0C91BC942}") = "0310-2", "0310-2\0310-2.vcxproj", "{0915114F-2D02-418E-8AB9-9FE33AB9080A}"
EndProject
Project("{8BC9CEB8-8B4A-11D0-8D11-00A0C91BC942}") = "0317-1", "0317-1\0317-1.vcxproj", "{32FF1871-7B3C-4335-9314-2B0BBC2E43D7}"
EndProject
Project("{8BC9CEB8-8B4A-11D0-8D11-00A0C91BC942}") = "0317-prac1", "0317-prac1\0317-prac1.vcxproj", "{3CE4F64C-7694-4197-93D4-9EEBD9CC62D9}"
EndProject
Project("{8BC9CEB8-8B4A-11D0-8D11-00A0C91BC942}") = "0317-prac2", "0317-prac2\0317-prac2.vcxproj", "{7D9D32BF-CE94-4A9B-93D3-DAC10C0FED29}"
EndProject
Project("{8BC9CEB8-8B4A-11D0-8D11-00A0C91BC942}") = "0317-prac3", "0317-prac3\0317-prac3.vcxproj", "{DF33389C-E612-46FD-BF5C-2E70C14E5AFF}"
EndProject
Project("{8BC9CEB8-8B4A-11D0-8D11-00A0C91BC942}") = "0317-2", "0317-2\0317-2.vcxproj", "{A896FD31-68F9-450C-8B09-DC62B2DB2BE0}"
EndProject
Project("{8BC9CEB8-8B4A-11D0-8D11-00A0C91BC942}") = "0317-3", "0317-3\0317-3.vcxproj", "{46ED0140-781A-42C0-9882-CDB4110A6106}"
EndProject
Project("{8BC9CEB8-8B4A-11D0-8D11-00A0C91BC942}") = "0317-4", "0317-4\0317-4.vcxproj", "{52D1DB0B-837C-4D8B-85B8-0D58BEB63BE1}"
EndProject
Global
	GlobalSection(SolutionConfigurationPlatforms) = preSolution
		Debug|x64 = Debug|x64
		Debug|x86 = Debug|x86
		Release|x64 = Release|x64
		Release|x86 = Release|x86
	EndGlobalSection
	GlobalSection(ProjectConfigurationPlatforms) = postSolution
		{CD98760E-5813-4ADC-951B-A70BBDE510CB}.Debug|x64.ActiveCfg = Debug|x64
		{CD98760E-5813-4ADC-951B-A70BBDE510CB}.Debug|x64.Build.0 = Debug|x64
		{CD98760E-5813-4ADC-951B-A70BBDE510CB}.Debug|x86.ActiveCfg = Debug|Win32
		{CD98760E-5813-4ADC-951B-A70BBDE510CB}.Debug|x86.Build.0 = Debug|Win32
		{CD98760E-5813-4ADC-951B-A70BBDE510CB}.Release|x64.ActiveCfg = Release|x64
		{CD98760E-5813-4ADC-951B-A70BBDE510CB}.Release|x64.Build.0 = Release|x64
		{CD98760E-5813-4ADC-951B-A70BBDE510CB}.Release|x86.ActiveCfg = Release|Win32
		{CD98760E-5813-4ADC-951B-A70BBDE510CB}.Release|x86.Build.0 = Release|Win32
		{3A2CE5B4-955B-4554-93A3-ED48D9B2FB91}.Debug|x64.ActiveCfg = Debug|x64
		{3A2CE5B4-955B-4554-93A3-ED48D9B2FB91}.Debug|x64.Build.0 = Debug|x64
		{3A2CE5B4-955B-4554-93A3-ED48D9B2FB91}.Debug|x86.ActiveCfg = Debug|Win32
		{3A2CE5B4-955B-4554-93A3-ED48D9B2FB91}.Debug|x86.Build.0 = Debug|Win32
		{3A2CE5B4-955B-4554-93A3-ED48D9B2FB91}.Release|x64.ActiveCfg = Release|x64
		{3A2CE5B4-955B-4554-93A3-ED48D9B2FB91}.Release|x64.Build.0 = Release|x64
		{3A2CE5B4-955B-4554-93A3-ED48D9B2FB91}.Release|x86.ActiveCfg = Release|Win32
		{3A2CE5B4-955B-4554-93A3-ED48D9B2FB91}.Release|x86.Build.0 = Release|Win32
		{0915114F-2D02-418E-8AB9-9FE33AB9080A}.Debug|x64.ActiveCfg = Debug|x64
		{0915114F-2D02-418E-8AB9-9FE33AB9080A}.Debug|x64.Build.0 = Debug|x64
		{0915114F-2D02-418E-8AB9-9FE33AB9080A}.Debug|x86.ActiveCfg = Debug|Win32
		{0915114F-2D02-418E-8AB9-9FE33AB9080A}.Debug|x86.Build.0 = Debug|Win32
		{0915114F-2D02-418E-8AB9-9FE33AB9080A}.Release|x64.ActiveCfg = Release|x64
		{0915114F-2D02-418E-8AB9-9FE33AB9080A}.Release|x64.Build.0 = Release|x64
		{0915114F-2D02-418E-8AB9-9FE33AB9080A}.Release|x86.ActiveCfg = Release|Win32
		{0915114F-2D02-418E-8AB9-9FE33AB9080A}.Release|x86.Build.0 = Release|Win32
		{32FF1871-7B3C-4335-9314-2B0BBC2E43D7}.Debug|x64.ActiveCfg = Debug|x64
		{32FF1871-7B3C-4335-9314-2B0BBC2E43D7}.Debug|x64.Build.0 = Debug|x64
		{32FF1871-7B3C-4335-9314-2B0BBC2E43D7}.Debug|x86.ActiveCfg = Debug|Win32
		{32FF1871-7B3C-4335-9314-2B0BBC2E43D7}.Debug|x86.Build.0 = Debug|Win32
		{32FF1871-7B3C-4335-9314-2B0BBC2E43D7}.Release|x64.ActiveCfg = Release|x64
		{32FF1871-7B3C-4335-9314-2B0BBC2E43D7}.Release|x64.Build.0 = Release|x64
		{32FF1871-7B3C-4335-9314-2B0BBC2E43D7}.Release|x86.ActiveCfg = Release|Win32
		{32FF1871-7B3C-4335-9314-2B0BBC2E43D7}.Release|x86.Build.0 = Release|Win32
		{3CE4F64C-7694-4197-93D4-9EEBD9CC62D9}.Debug|x64.ActiveCfg = Debug|x64
		{3CE4F64C-7694-4197-93D4-9EEBD9CC62D9}.Debug|x64.Build.0 = Debug|x64
		{3CE4F64C-7694-4197-93D4-9EEBD9CC62D9}.Debug|x86.ActiveCfg = Debug|Win32
		{3CE4F64C-7694-4197-93D4-9EEBD9CC62D9}.Debug|x86.Build.0 = Debug|Win32
		{3CE4F64C-7694-4197-93D4-9EEBD9CC62D9}.Release|x64.ActiveCfg = Release|x64
		{3CE4F64C-7694-4197-93D4-9EEBD9CC62D9}.Release|x64.Build.0 = Release|x64
		{3CE4F64C-7694-4197-93D4-9EEBD9CC62D9}.Release|x86.ActiveCfg = Release|Win32
		{3CE4F64C-7694-4197-93D4-9EEBD9CC62D9}.Release|x86.Build.0 = Release|Win32
		{7D9D32BF-CE94-4A9B-93D3-DAC10C0FED29}.Debug|x64.ActiveCfg = Debug|x64
		{7D9D32BF-CE94-4A9B-93D3-DAC10C0FED29}.Debug|x64.Build.0 = Debug|x64
		{7D9D32BF-CE94-4A9B-93D3-DAC10C0FED29}.Debug|x86.ActiveCfg = Debug|Win32
		{7D9D32BF-CE94-4A9B-93D3-DAC10C0FED29}.Debug|x86.Build.0 = Debug|Win32
		{7D9D32BF-CE94-4A9B-93D3-DAC10C0FED29}.Release|x64.ActiveCfg = Release|x64
		{7D9D32BF-CE94-4A9B-93D3-DAC10C0FED29}.Release|x64.Build.0 = Release|x64
		{7D9D32BF-CE94-4A9B-93D3-DAC10C0FED29}.Release|x86.ActiveCfg = Release|Win32
		{7D9D32BF-CE94-4A9B-93D3-DAC10C0FED29}.Release|x86.Build.0 = Release|Win32
		{DF33389C-E612-46FD-BF5C-2E70C14E5AFF}.Debug|x64.ActiveCfg = Debug|x64
		{DF33389C-E612-46FD-BF5C-2E70C14E5AFF}.Debug|x64.Build.0 = Debug|x64
		{DF33389C-E612-46FD-BF5C-2E70C14E5AFF}.Debug|x86.ActiveCfg = Debug|Win32
		{DF33389C-E612-46FD-BF5C-2E70C14E5AFF}.Debug|x86.Build.0 = Debug|Win32
		{DF33389C-E612-46FD-BF5C-2E70C14E5AFF}.Release|x64.ActiveCfg = Release|x64
		{DF33389C-E612-46FD-BF5C-2E70C14E5AFF}.Release|x64.Build.0 = Release|x64
		{DF33389C-E612-46FD-BF5C-2E70C14E5AFF}.Release|x86.ActiveCfg = Release|Win32
		{DF33389C-E612-46FD-BF5C-2E70C14E5AFF}.Release|x86.Build.0 = Release|Win32
		{A896FD31-68F9-450C-8B09-DC62B2DB2BE0}.Debug|x64.ActiveCfg = Debug|x64
		{A896FD31-68F9-450C-8B09-DC62B2DB2BE0}.Debug|x64.Build.0 = Debug|x64
		{A896FD31-68F9-450C-8B09-DC62B2DB2BE0}.Debug|x86.ActiveCfg = Debug|Win32
		{A896FD31-68F9-450C-8B09-DC62B2DB2BE0}.Debug|x86.Build.0 = Debug|Win32
		{A896FD31-68F9-450C-8B09-DC62B2DB2BE0}.Release|x64.ActiveCfg = Release|x64
		{A896FD31-68F9-450C-8B09-DC62B2DB2BE0}.Release|x64.Build.0 = Release|x64
		{A896FD31-68F9-450C-8B09-DC62B2DB2BE0}.Release|x86.ActiveCfg = Release|Win32
		{A896FD31-68F9-450C-8B09-DC62B2DB2BE0}.Release|x86.Build.0 = Release|Win32
		{46ED0140-781A-42C0-9882-CDB4110A6106}.Debug|x64.ActiveCfg = Debug|x64
		{46ED0140-781A-42C0-9882-CDB4110A6106}.Debug|x64.Build.0 = Debug|x64
		{46ED0140-781A-42C0-9882-CDB4110A6106}.Debug|x86.ActiveCfg = Debug|Win32
		{46ED0140-781A-42C0-9882-CDB4110A6106}.Debug|x86.Build.0 = Debug|Win32
		{46ED0140-781A-42C0-9882-CDB4110A6106}.Release|x64.ActiveCfg = Release|x64
		{46ED0140-781A-42C0-9882-CDB4110A6106}.Release|x64.Build.0 = Release|x64
		{46ED0140-781A-42C0-9882-CDB4110A6106}.Release|x86.ActiveCfg = Release|Win32
		{46ED0140-781A-42C0-9882-CDB4110A6106}.Release|x86.Build.0 = Release|Win32
		{52D1DB0B-837C-4D8B-85B8-0D58BEB63BE1}.Debug|x64.ActiveCfg = Debug|x64
		{52D1DB0B-837C-4D8B-85B8-0D58BEB63BE1}.Debug|x64.Build.0 = Debug|x64
		{52D1DB0B-837C-4D8B-85B8-0D58BEB63BE1}.Debug|x86.ActiveCfg = Debug|Win32
		{52D1DB0B-837C-4D8B-85B8-0D58BEB63BE1}.Debug|x86.Build.0 = Debug|Win32
		{52D1DB0B-837C-4D8B-85B8-0D58BEB63BE1}.Release|x64.ActiveCfg = Release|x64
		{52D1DB0B-837C-4D8B-85B8-0D58BEB63BE1}.Release|x64.Build.0 = Release|x64
		{52D1DB0B-837C-4D8B-85B8-0D58BEB63BE1}.Release|x86.ActiveCfg = Release|Win32
		{52D1DB0B-837C-4D8B-85B8-0D58BEB63BE1}.Release|x86.Build.0 = Release|Win32
	EndGlobalSection
	GlobalSection(SolutionProperties) = preSolution
		HideSolutionNode = FALSE
	EndGlobalSection
	GlobalSection(ExtensibilityGlobals) = postSolution
		SolutionGuid = {9DFAA476-AE45-4512-911B-61929067DF95}
	EndGlobalSection
EndGlobal
